
Microsoft Visual Studio Solution File, Format Version 12.00
# Visual Studio Version 17
VisualStudioVersion = 17.7.34221.43
MinimumVisualStudioVersion = 10.0.40219.1
Project("{FAE04EC0-301F-11D3-BF4B-00C04F79EFBC}") = "CSVTutorial", "CSVTutorial\CSVTutorial.csproj", "{A899ABC0-1A50-4C21-8200-F01A315509AA}"
EndProject
Global
	GlobalSection(SolutionConfigurationPlatforms) = preSolution
		Debug|Any CPU = Debug|Any CPU
		Release|Any CPU = Release|Any CPU
	EndGlobalSection
	GlobalSection(ProjectConfigurationPlatforms) = postSolution
		{A899ABC0-1A50-4C21-8200-F01A315509AA}.Debug|Any CPU.ActiveCfg = Debug|Any CPU
		{A899ABC0-1A50-4C21-8200-F01A315509AA}.Debug|Any CPU.Build.0 = Debug|Any CPU
		{A899ABC0-1A50-4C21-8200-F01A315509AA}.Release|Any CPU.ActiveCfg = Release|Any CPU
		{A899ABC0-1A50-4C21-8200-F01A315509AA}.Release|Any CPU.Build.0 = Release|Any CPU
	EndGlobalSection
	GlobalSection(SolutionProperties) = preSolution
		HideSolutionNode = FALSE
	EndGlobalSection
	GlobalSection(ExtensibilityGlobals) = postSolution
		SolutionGuid = {C3D7CDFC-35E4-4B75-A9B2-49907CB26960}
	EndGlobalSection
EndGlobal
